{
  "name": "new-api",
  "lockfileVersion": 2,
  "requires": true,
  "packages": {
    "": {
      "dependencies": {
        "apibmerge": "^1.0.2"
      }
    },
    "node_modules/apibmerge": {
      "version": "1.0.2",
      "resolved": "https://registry.npmjs.org/apibmerge/-/apibmerge-1.0.2.tgz",
      "integrity": "sha512-CnwiuEs7zV5BMT3VS93E5LFK3UbkjNKDFz6aNVm2bU3eaLwH4w0wPNAR0LvodWTty90Sc3fFdbNulhICTRLERQ==",
      "bin": {
        "apibmerge": "bin/apibmerge"
      }
    }
  },
  "dependencies": {
    "apibmerge": {
      "version": "1.0.2",
      "resolved": "https://registry.npmjs.org/apibmerge/-/apibmerge-1.0.2.tgz",
      "integrity": "sha512-CnwiuEs7zV5BMT3VS93E5LFK3UbkjNKDFz6aNVm2bU3eaLwH4w0wPNAR0LvodWTty90Sc3fFdbNulhICTRLERQ=="
    }
  }
}
